
Microsoft Visual Studio Solution File, Format Version 12.00
# Visual Studio Version 16
VisualStudioVersion = 16.0.28315.86
MinimumVisualStudioVersion = 10.0.40219.1
Project("{2150E333-8FDC-42A3-9474-1A3956D46DE8}") = "Engine", "Engine", "{7E340DDB-4D07-4C65-A0EF-32E2B3EB9D0E}"
EndProject
Project("{2150E333-8FDC-42A3-9474-1A3956D46DE8}") = "Games", "Games", "{BC6FBB88-86AE-4B16-98EA-89D9CBBBF0CF}"
EndProject
Project("{8BC9CEB8-8B4A-11D0-8D11-00A0C91BC942}") = "UE4", "Intermediate\ProjectFiles\UE4.vcxproj", "{25A823C8-30FC-4A42-A249-DD605814B8F0}"
EndProject
Project("{8BC9CEB8-8B4A-11D0-8D11-00A0C91BC942}") = "ALevel", "Intermediate\ProjectFiles\ALevel.vcxproj", "{171E96D9-58E9-4655-937A-C2D5498E39EB}"
EndProject
Project("{2150E333-8FDC-42A3-9474-1A3956D46DE8}") = "Visualizers", "Visualizers", "{1F2E9A06-281A-4F0F-8071-213F410CDF91}"
	ProjectSection(SolutionItems) = preProject
		..\..\..\..\..\Program Files\Epic Games\UE_4.22\Engine\Extras\VisualStudioDebugging\UE4.natvis = ..\..\..\..\..\Program Files\Epic Games\UE_4.22\Engine\Extras\VisualStudioDebugging\UE4.natvis
	EndProjectSection
EndProject
Global
	GlobalSection(SolutionConfigurationPlatforms) = preSolution
		DebugGame Editor|HTML5 = DebugGame Editor|HTML5
		DebugGame Editor|Win32 = DebugGame Editor|Win32
		DebugGame Editor|Win64 = DebugGame Editor|Win64
		DebugGame|HTML5 = DebugGame|HTML5
		DebugGame|Win32 = DebugGame|Win32
		DebugGame|Win64 = DebugGame|Win64
		Development Editor|HTML5 = Development Editor|HTML5
		Development Editor|Win32 = Development Editor|Win32
		Development Editor|Win64 = Development Editor|Win64
		Development|HTML5 = Development|HTML5
		Development|Win32 = Development|Win32
		Development|Win64 = Development|Win64
		Shipping|HTML5 = Shipping|HTML5
		Shipping|Win32 = Shipping|Win32
		Shipping|Win64 = Shipping|Win64
	EndGlobalSection
	GlobalSection(ProjectConfigurationPlatforms) = postSolution
		{25A823C8-30FC-4A42-A249-DD605814B8F0}.DebugGame Editor|HTML5.ActiveCfg = BuiltWithUnrealBuildTool|Win32
		{25A823C8-30FC-4A42-A249-DD605814B8F0}.DebugGame Editor|Win32.ActiveCfg = BuiltWithUnrealBuildTool|Win32
		{25A823C8-30FC-4A42-A249-DD605814B8F0}.DebugGame Editor|Win64.ActiveCfg = BuiltWithUnrealBuildTool|Win32
		{25A823C8-30FC-4A42-A249-DD605814B8F0}.DebugGame|HTML5.ActiveCfg = BuiltWithUnrealBuildTool|Win32
		{25A823C8-30FC-4A42-A249-DD605814B8F0}.DebugGame|Win32.ActiveCfg = BuiltWithUnrealBuildTool|Win32
		{25A823C8-30FC-4A42-A249-DD605814B8F0}.DebugGame|Win64.ActiveCfg = BuiltWithUnrealBuildTool|Win32
		{25A823C8-30FC-4A42-A249-DD605814B8F0}.Development Editor|HTML5.ActiveCfg = BuiltWithUnrealBuildTool|Win32
		{25A823C8-30FC-4A42-A249-DD605814B8F0}.Development Editor|Win32.ActiveCfg = BuiltWithUnrealBuildTool|Win32
		{25A823C8-30FC-4A42-A249-DD605814B8F0}.Development Editor|Win64.ActiveCfg = BuiltWithUnrealBuildTool|Win32
		{25A823C8-30FC-4A42-A249-DD605814B8F0}.Development|HTML5.ActiveCfg = BuiltWithUnrealBuildTool|Win32
		{25A823C8-30FC-4A42-A249-DD605814B8F0}.Development|Win32.ActiveCfg = BuiltWithUnrealBuildTool|Win32
		{25A823C8-30FC-4A42-A249-DD605814B8F0}.Development|Win64.ActiveCfg = BuiltWithUnrealBuildTool|Win32
		{25A823C8-30FC-4A42-A249-DD605814B8F0}.Shipping|HTML5.ActiveCfg = BuiltWithUnrealBuildTool|Win32
		{25A823C8-30FC-4A42-A249-DD605814B8F0}.Shipping|Win32.ActiveCfg = BuiltWithUnrealBuildTool|Win32
		{25A823C8-30FC-4A42-A249-DD605814B8F0}.Shipping|Win64.ActiveCfg = BuiltWithUnrealBuildTool|Win32
		{171E96D9-58E9-4655-937A-C2D5498E39EB}.DebugGame Editor|HTML5.ActiveCfg = Invalid|Win32
		{171E96D9-58E9-4655-937A-C2D5498E39EB}.DebugGame Editor|Win32.ActiveCfg = Invalid|Win32
		{171E96D9-58E9-4655-937A-C2D5498E39EB}.DebugGame Editor|Win64.ActiveCfg = DebugGame_Editor|x64
		{171E96D9-58E9-4655-937A-C2D5498E39EB}.DebugGame Editor|Win64.Build.0 = DebugGame_Editor|x64
		{171E96D9-58E9-4655-937A-C2D5498E39EB}.DebugGame|HTML5.ActiveCfg = HTML5_DebugGame|Win32
		{171E96D9-58E9-4655-937A-C2D5498E39EB}.DebugGame|HTML5.Build.0 = HTML5_DebugGame|Win32
		{171E96D9-58E9-4655-937A-C2D5498E39EB}.DebugGame|Win32.ActiveCfg = DebugGame|Win32
		{171E96D9-58E9-4655-937A-C2D5498E39EB}.DebugGame|Win32.Build.0 = DebugGame|Win32
		{171E96D9-58E9-4655-937A-C2D5498E39EB}.DebugGame|Win64.ActiveCfg = DebugGame|x64
		{171E96D9-58E9-4655-937A-C2D5498E39EB}.DebugGame|Win64.Build.0 = DebugGame|x64
		{171E96D9-58E9-4655-937A-C2D5498E39EB}.Development Editor|HTML5.ActiveCfg = Invalid|Win32
		{171E96D9-58E9-4655-937A-C2D5498E39EB}.Development Editor|Win32.ActiveCfg = Invalid|Win32
		{171E96D9-58E9-4655-937A-C2D5498E39EB}.Development Editor|Win64.ActiveCfg = Development_Editor|x64
		{171E96D9-58E9-4655-937A-C2D5498E39EB}.Development Editor|Win64.Build.0 = Development_Editor|x64
		{171E96D9-58E9-4655-937A-C2D5498E39EB}.Development|HTML5.ActiveCfg = HTML5_Development|Win32
		{171E96D9-58E9-4655-937A-C2D5498E39EB}.Development|HTML5.Build.0 = HTML5_Development|Win32
		{171E96D9-58E9-4655-937A-C2D5498E39EB}.Development|Win32.ActiveCfg = Development|Win32
		{171E96D9-58E9-4655-937A-C2D5498E39EB}.Development|Win32.Build.0 = Development|Win32
		{171E96D9-58E9-4655-937A-C2D5498E39EB}.Development|Win64.ActiveCfg = Development|x64
		{171E96D9-58E9-4655-937A-C2D5498E39EB}.Development|Win64.Build.0 = Development|x64
		{171E96D9-58E9-4655-937A-C2D5498E39EB}.Shipping|HTML5.ActiveCfg = HTML5_Shipping|Win32
		{171E96D9-58E9-4655-937A-C2D5498E39EB}.Shipping|HTML5.Build.0 = HTML5_Shipping|Win32
		{171E96D9-58E9-4655-937A-C2D5498E39EB}.Shipping|Win32.ActiveCfg = Shipping|Win32
		{171E96D9-58E9-4655-937A-C2D5498E39EB}.Shipping|Win32.Build.0 = Shipping|Win32
		{171E96D9-58E9-4655-937A-C2D5498E39EB}.Shipping|Win64.ActiveCfg = Shipping|x64
		{171E96D9-58E9-4655-937A-C2D5498E39EB}.Shipping|Win64.Build.0 = Shipping|x64
	EndGlobalSection
	GlobalSection(SolutionProperties) = preSolution
		HideSolutionNode = FALSE
	EndGlobalSection
	GlobalSection(NestedProjects) = preSolution
		{25A823C8-30FC-4A42-A249-DD605814B8F0} = {7E340DDB-4D07-4C65-A0EF-32E2B3EB9D0E}
		{171E96D9-58E9-4655-937A-C2D5498E39EB} = {BC6FBB88-86AE-4B16-98EA-89D9CBBBF0CF}
	EndGlobalSection
EndGlobal
