
Microsoft Visual Studio Solution File, Format Version 12.00
# Visual Studio 15
VisualStudioVersion = 15.0.25807.0
MinimumVisualStudioVersion = 10.0.40219.1
Project("{2150E333-8FDC-42A3-9474-1A3956D46DE8}") = "Engine", "Engine", "{57D5EA65-85C2-44DD-8842-A29353CDADDE}"
EndProject
Project("{2150E333-8FDC-42A3-9474-1A3956D46DE8}") = "Games", "Games", "{82206605-2E50-47B5-BF6E-AAD992F80DE8}"
EndProject
Project("{8BC9CEB8-8B4A-11D0-8D11-00A0C91BC942}") = "ALevel", "Intermediate\ProjectFiles\ALevel.vcxproj", "{B7C98A57-F230-4DD8-AD14-56C462903683}"
EndProject
Project("{8BC9CEB8-8B4A-11D0-8D11-00A0C91BC942}") = "UE4", "Intermediate\ProjectFiles\UE4.vcxproj", "{BA7D54A3-7FFB-4ABE-B709-2EAFD37F48E8}"
EndProject
Project("{2150E333-8FDC-42A3-9474-1A3956D46DE8}") = "Visualizers", "Visualizers", "{5DAF617E-504E-4CFC-95AC-FB9E146E1821}"
	ProjectSection(SolutionItems) = preProject
		D:\Program Files\Epic Games\UE_4.22\Engine\Extras\VisualStudioDebugging\UE4.natvis = D:\Program Files\Epic Games\UE_4.22\Engine\Extras\VisualStudioDebugging\UE4.natvis
	EndProjectSection
EndProject
Global
	GlobalSection(SolutionConfigurationPlatforms) = preSolution
		DebugGame Editor|HTML5 = DebugGame Editor|HTML5
		DebugGame Editor|IOS = DebugGame Editor|IOS
		DebugGame Editor|Win32 = DebugGame Editor|Win32
		DebugGame Editor|Win64 = DebugGame Editor|Win64
		DebugGame|HTML5 = DebugGame|HTML5
		DebugGame|IOS = DebugGame|IOS
		DebugGame|Win32 = DebugGame|Win32
		DebugGame|Win64 = DebugGame|Win64
		Development Editor|HTML5 = Development Editor|HTML5
		Development Editor|IOS = Development Editor|IOS
		Development Editor|Win32 = Development Editor|Win32
		Development Editor|Win64 = Development Editor|Win64
		Development|HTML5 = Development|HTML5
		Development|IOS = Development|IOS
		Development|Win32 = Development|Win32
		Development|Win64 = Development|Win64
		Shipping|HTML5 = Shipping|HTML5
		Shipping|IOS = Shipping|IOS
		Shipping|Win32 = Shipping|Win32
		Shipping|Win64 = Shipping|Win64
	EndGlobalSection
	GlobalSection(ProjectConfigurationPlatforms) = postSolution
		{B7C98A57-F230-4DD8-AD14-56C462903683}.DebugGame Editor|HTML5.ActiveCfg = Invalid|Win32
		{B7C98A57-F230-4DD8-AD14-56C462903683}.DebugGame Editor|IOS.ActiveCfg = Invalid|Win32
		{B7C98A57-F230-4DD8-AD14-56C462903683}.DebugGame Editor|Win32.ActiveCfg = Invalid|Win32
		{B7C98A57-F230-4DD8-AD14-56C462903683}.DebugGame Editor|Win64.ActiveCfg = DebugGame_Editor|x64
		{B7C98A57-F230-4DD8-AD14-56C462903683}.DebugGame Editor|Win64.Build.0 = DebugGame_Editor|x64
		{B7C98A57-F230-4DD8-AD14-56C462903683}.DebugGame|HTML5.ActiveCfg = HTML5_DebugGame|Win32
		{B7C98A57-F230-4DD8-AD14-56C462903683}.DebugGame|HTML5.Build.0 = HTML5_DebugGame|Win32
		{B7C98A57-F230-4DD8-AD14-56C462903683}.DebugGame|IOS.ActiveCfg = IOS_DebugGame|Win32
		{B7C98A57-F230-4DD8-AD14-56C462903683}.DebugGame|IOS.Build.0 = IOS_DebugGame|Win32
		{B7C98A57-F230-4DD8-AD14-56C462903683}.DebugGame|Win32.ActiveCfg = DebugGame|Win32
		{B7C98A57-F230-4DD8-AD14-56C462903683}.DebugGame|Win32.Build.0 = DebugGame|Win32
		{B7C98A57-F230-4DD8-AD14-56C462903683}.DebugGame|Win64.ActiveCfg = DebugGame|x64
		{B7C98A57-F230-4DD8-AD14-56C462903683}.DebugGame|Win64.Build.0 = DebugGame|x64
		{B7C98A57-F230-4DD8-AD14-56C462903683}.Development Editor|HTML5.ActiveCfg = Invalid|Win32
		{B7C98A57-F230-4DD8-AD14-56C462903683}.Development Editor|IOS.ActiveCfg = Invalid|Win32
		{B7C98A57-F230-4DD8-AD14-56C462903683}.Development Editor|Win32.ActiveCfg = Invalid|Win32
		{B7C98A57-F230-4DD8-AD14-56C462903683}.Development Editor|Win64.ActiveCfg = Development_Editor|x64
		{B7C98A57-F230-4DD8-AD14-56C462903683}.Development Editor|Win64.Build.0 = Development_Editor|x64
		{B7C98A57-F230-4DD8-AD14-56C462903683}.Development|HTML5.ActiveCfg = HTML5_Development|Win32
		{B7C98A57-F230-4DD8-AD14-56C462903683}.Development|HTML5.Build.0 = HTML5_Development|Win32
		{B7C98A57-F230-4DD8-AD14-56C462903683}.Development|IOS.ActiveCfg = IOS_Development|Win32
		{B7C98A57-F230-4DD8-AD14-56C462903683}.Development|IOS.Build.0 = IOS_Development|Win32
		{B7C98A57-F230-4DD8-AD14-56C462903683}.Development|Win32.ActiveCfg = Development|Win32
		{B7C98A57-F230-4DD8-AD14-56C462903683}.Development|Win32.Build.0 = Development|Win32
		{B7C98A57-F230-4DD8-AD14-56C462903683}.Development|Win64.ActiveCfg = Development|x64
		{B7C98A57-F230-4DD8-AD14-56C462903683}.Development|Win64.Build.0 = Development|x64
		{B7C98A57-F230-4DD8-AD14-56C462903683}.Shipping|HTML5.ActiveCfg = HTML5_Shipping|Win32
		{B7C98A57-F230-4DD8-AD14-56C462903683}.Shipping|HTML5.Build.0 = HTML5_Shipping|Win32
		{B7C98A57-F230-4DD8-AD14-56C462903683}.Shipping|IOS.ActiveCfg = IOS_Shipping|Win32
		{B7C98A57-F230-4DD8-AD14-56C462903683}.Shipping|IOS.Build.0 = IOS_Shipping|Win32
		{B7C98A57-F230-4DD8-AD14-56C462903683}.Shipping|Win32.ActiveCfg = Shipping|Win32
		{B7C98A57-F230-4DD8-AD14-56C462903683}.Shipping|Win32.Build.0 = Shipping|Win32
		{B7C98A57-F230-4DD8-AD14-56C462903683}.Shipping|Win64.ActiveCfg = Shipping|x64
		{B7C98A57-F230-4DD8-AD14-56C462903683}.Shipping|Win64.Build.0 = Shipping|x64
		{BA7D54A3-7FFB-4ABE-B709-2EAFD37F48E8}.DebugGame Editor|HTML5.ActiveCfg = BuiltWithUnrealBuildTool|Win32
		{BA7D54A3-7FFB-4ABE-B709-2EAFD37F48E8}.DebugGame Editor|IOS.ActiveCfg = BuiltWithUnrealBuildTool|Win32
		{BA7D54A3-7FFB-4ABE-B709-2EAFD37F48E8}.DebugGame Editor|Win32.ActiveCfg = BuiltWithUnrealBuildTool|Win32
		{BA7D54A3-7FFB-4ABE-B709-2EAFD37F48E8}.DebugGame Editor|Win64.ActiveCfg = BuiltWithUnrealBuildTool|Win32
		{BA7D54A3-7FFB-4ABE-B709-2EAFD37F48E8}.DebugGame|HTML5.ActiveCfg = BuiltWithUnrealBuildTool|Win32
		{BA7D54A3-7FFB-4ABE-B709-2EAFD37F48E8}.DebugGame|IOS.ActiveCfg = BuiltWithUnrealBuildTool|Win32
		{BA7D54A3-7FFB-4ABE-B709-2EAFD37F48E8}.DebugGame|Win32.ActiveCfg = BuiltWithUnrealBuildTool|Win32
		{BA7D54A3-7FFB-4ABE-B709-2EAFD37F48E8}.DebugGame|Win64.ActiveCfg = BuiltWithUnrealBuildTool|Win32
		{BA7D54A3-7FFB-4ABE-B709-2EAFD37F48E8}.Development Editor|HTML5.ActiveCfg = BuiltWithUnrealBuildTool|Win32
		{BA7D54A3-7FFB-4ABE-B709-2EAFD37F48E8}.Development Editor|IOS.ActiveCfg = BuiltWithUnrealBuildTool|Win32
		{BA7D54A3-7FFB-4ABE-B709-2EAFD37F48E8}.Development Editor|Win32.ActiveCfg = BuiltWithUnrealBuildTool|Win32
		{BA7D54A3-7FFB-4ABE-B709-2EAFD37F48E8}.Development Editor|Win64.ActiveCfg = BuiltWithUnrealBuildTool|Win32
		{BA7D54A3-7FFB-4ABE-B709-2EAFD37F48E8}.Development|HTML5.ActiveCfg = BuiltWithUnrealBuildTool|Win32
		{BA7D54A3-7FFB-4ABE-B709-2EAFD37F48E8}.Development|IOS.ActiveCfg = BuiltWithUnrealBuildTool|Win32
		{BA7D54A3-7FFB-4ABE-B709-2EAFD37F48E8}.Development|Win32.ActiveCfg = BuiltWithUnrealBuildTool|Win32
		{BA7D54A3-7FFB-4ABE-B709-2EAFD37F48E8}.Development|Win64.ActiveCfg = BuiltWithUnrealBuildTool|Win32
		{BA7D54A3-7FFB-4ABE-B709-2EAFD37F48E8}.Shipping|HTML5.ActiveCfg = BuiltWithUnrealBuildTool|Win32
		{BA7D54A3-7FFB-4ABE-B709-2EAFD37F48E8}.Shipping|IOS.ActiveCfg = BuiltWithUnrealBuildTool|Win32
		{BA7D54A3-7FFB-4ABE-B709-2EAFD37F48E8}.Shipping|Win32.ActiveCfg = BuiltWithUnrealBuildTool|Win32
		{BA7D54A3-7FFB-4ABE-B709-2EAFD37F48E8}.Shipping|Win64.ActiveCfg = BuiltWithUnrealBuildTool|Win32
	EndGlobalSection
	GlobalSection(SolutionProperties) = preSolution
		HideSolutionNode = FALSE
	EndGlobalSection
	GlobalSection(NestedProjects) = preSolution
		{BA7D54A3-7FFB-4ABE-B709-2EAFD37F48E8} = {57D5EA65-85C2-44DD-8842-A29353CDADDE}
		{B7C98A57-F230-4DD8-AD14-56C462903683} = {82206605-2E50-47B5-BF6E-AAD992F80DE8}
	EndGlobalSection
EndGlobal
